
Microsoft Visual Studio Solution File, Format Version 12.00
# Visual Studio Version 16
VisualStudioVersion = 16.0.29905.134
MinimumVisualStudioVersion = 10.0.40219.1
Project("{FAE04EC0-301F-11D3-BF4B-00C04F79EFBC}") = "20190140001_projecttugasakhir", "20190140001_projecttugasakhir.csproj", "{F25FB069-005A-47F3-85B1-B24C7DAFD8D2}"
EndProject
Global
	GlobalSection(SolutionConfigurationPlatforms) = preSolution
		Debug|Any CPU = Debug|Any CPU
		Release|Any CPU = Release|Any CPU
	EndGlobalSection
	GlobalSection(ProjectConfigurationPlatforms) = postSolution
		{F25FB069-005A-47F3-85B1-B24C7DAFD8D2}.Debug|Any CPU.ActiveCfg = Debug|Any CPU
		{F25FB069-005A-47F3-85B1-B24C7DAFD8D2}.Debug|Any CPU.Build.0 = Debug|Any CPU
		{F25FB069-005A-47F3-85B1-B24C7DAFD8D2}.Release|Any CPU.ActiveCfg = Release|Any CPU
		{F25FB069-005A-47F3-85B1-B24C7DAFD8D2}.Release|Any CPU.Build.0 = Release|Any CPU
	EndGlobalSection
	GlobalSection(SolutionProperties) = preSolution
		HideSolutionNode = FALSE
	EndGlobalSection
	GlobalSection(ExtensibilityGlobals) = postSolution
		SolutionGuid = {0EEC2520-7A9C-4435-9272-1EF37D923B68}
	EndGlobalSection
EndGlobal
